
Microsoft Visual Studio Solution File, Format Version 12.00
# Visual Studio Version 17
VisualStudioVersion = 17.1.32421.90
MinimumVisualStudioVersion = 10.0.40219.1
Project("{FAE04EC0-301F-11D3-BF4B-00C04F79EFBC}") = "PRN_SE1622_OOP", "PRN_SE1622_OOP\PRN_SE1622_OOP.csproj", "{78FC2DAE-E8BA-4642-9A3C-B7F4AB635269}"
EndProject
Global
	GlobalSection(SolutionConfigurationPlatforms) = preSolution
		Debug|Any CPU = Debug|Any CPU
		Release|Any CPU = Release|Any CPU
	EndGlobalSection
	GlobalSection(ProjectConfigurationPlatforms) = postSolution
		{78FC2DAE-E8BA-4642-9A3C-B7F4AB635269}.Debug|Any CPU.ActiveCfg = Debug|Any CPU
		{78FC2DAE-E8BA-4642-9A3C-B7F4AB635269}.Debug|Any CPU.Build.0 = Debug|Any CPU
		{78FC2DAE-E8BA-4642-9A3C-B7F4AB635269}.Release|Any CPU.ActiveCfg = Release|Any CPU
		{78FC2DAE-E8BA-4642-9A3C-B7F4AB635269}.Release|Any CPU.Build.0 = Release|Any CPU
	EndGlobalSection
	GlobalSection(SolutionProperties) = preSolution
		HideSolutionNode = FALSE
	EndGlobalSection
	GlobalSection(ExtensibilityGlobals) = postSolution
		SolutionGuid = {DE48EB57-DDA1-4125-BC78-2D8BDABC41BC}
	EndGlobalSection
EndGlobal
